
Microsoft Visual Studio Solution File, Format Version 12.00
# Visual Studio Version 17
VisualStudioVersion = 17.8.34322.80
MinimumVisualStudioVersion = 10.0.40219.1
Project("{9A19103F-16F7-4668-BE54-9A1E7A4F7556}") = "Fakturace", "Fakturace\Fakturace.csproj", "{15A9E6A8-F49E-4D8C-B7FA-DC732111B1AD}"
EndProject
Global
	GlobalSection(SolutionConfigurationPlatforms) = preSolution
		Debug|Any CPU = Debug|Any CPU
		Debuging|Any CPU = Debuging|Any CPU
		Release|Any CPU = Release|Any CPU
	EndGlobalSection
	GlobalSection(ProjectConfigurationPlatforms) = postSolution
		{15A9E6A8-F49E-4D8C-B7FA-DC732111B1AD}.Debug|Any CPU.ActiveCfg = Debug|Any CPU
		{15A9E6A8-F49E-4D8C-B7FA-DC732111B1AD}.Debug|Any CPU.Build.0 = Debug|Any CPU
		{15A9E6A8-F49E-4D8C-B7FA-DC732111B1AD}.Debug|Any CPU.Deploy.0 = Debug|Any CPU
		{15A9E6A8-F49E-4D8C-B7FA-DC732111B1AD}.Debuging|Any CPU.ActiveCfg = Debuging|Any CPU
		{15A9E6A8-F49E-4D8C-B7FA-DC732111B1AD}.Debuging|Any CPU.Build.0 = Debuging|Any CPU
		{15A9E6A8-F49E-4D8C-B7FA-DC732111B1AD}.Debuging|Any CPU.Deploy.0 = Debuging|Any CPU
		{15A9E6A8-F49E-4D8C-B7FA-DC732111B1AD}.Release|Any CPU.ActiveCfg = Release|Any CPU
		{15A9E6A8-F49E-4D8C-B7FA-DC732111B1AD}.Release|Any CPU.Build.0 = Release|Any CPU
		{15A9E6A8-F49E-4D8C-B7FA-DC732111B1AD}.Release|Any CPU.Deploy.0 = Release|Any CPU
	EndGlobalSection
	GlobalSection(SolutionProperties) = preSolution
		HideSolutionNode = FALSE
	EndGlobalSection
	GlobalSection(ExtensibilityGlobals) = postSolution
		SolutionGuid = {80ED154A-CDF1-485F-B6C4-3247CF783A7A}
	EndGlobalSection
EndGlobal
